{
  "name": "node-loopie",
  "version": "1.0.4",
  "lockfileVersion": 2,
  "requires": true,
  "packages": {
    "": {
      "name": "node-loopie",
      "version": "1.0.4",
      "license": "ISC",
      "dependencies": {
        "node-loopie": "^1.0.4"
      }
    },
    "node_modules/node-loopie": {
      "version": "1.0.4",
      "resolved": "https://registry.npmjs.org/node-loopie/-/node-loopie-1.0.4.tgz",
      "integrity": "sha512-JmS2Goa0rA+Wdj5a+kAunc5j7OBV8iFjO1JXfQgqfI0CjHQwVlqph1AP4Y46xDYOeAnZEH60Zix6E+SvZxRVFQ=="
    }
  },
  "dependencies": {
    "node-loopie": {
      "version": "1.0.4",
      "resolved": "https://registry.npmjs.org/node-loopie/-/node-loopie-1.0.4.tgz",
      "integrity": "sha512-JmS2Goa0rA+Wdj5a+kAunc5j7OBV8iFjO1JXfQgqfI0CjHQwVlqph1AP4Y46xDYOeAnZEH60Zix6E+SvZxRVFQ=="
    }
  }
}
